
Microsoft Visual Studio Solution File, Format Version 12.00
# Visual Studio 15
VisualStudioVersion = 15.0.27130.2010
MinimumVisualStudioVersion = 10.0.40219.1
Project("{FAE04EC0-301F-11D3-BF4B-00C04F79EFBC}") = "Blockchain", "Blockchain\Blockchain.csproj", "{68F9D52F-6D06-40FF-8219-8CFC69EE4C82}"
EndProject
Global
	GlobalSection(SolutionConfigurationPlatforms) = preSolution
		Debug|Any CPU = Debug|Any CPU
		Release|Any CPU = Release|Any CPU
	EndGlobalSection
	GlobalSection(ProjectConfigurationPlatforms) = postSolution
		{68F9D52F-6D06-40FF-8219-8CFC69EE4C82}.Debug|Any CPU.ActiveCfg = Debug|Any CPU
		{68F9D52F-6D06-40FF-8219-8CFC69EE4C82}.Debug|Any CPU.Build.0 = Debug|Any CPU
		{68F9D52F-6D06-40FF-8219-8CFC69EE4C82}.Release|Any CPU.ActiveCfg = Release|Any CPU
		{68F9D52F-6D06-40FF-8219-8CFC69EE4C82}.Release|Any CPU.Build.0 = Release|Any CPU
	EndGlobalSection
	GlobalSection(SolutionProperties) = preSolution
		HideSolutionNode = FALSE
	EndGlobalSection
	GlobalSection(ExtensibilityGlobals) = postSolution
		SolutionGuid = {6FE82C4B-5BFF-4E8F-884D-891BD41A5E66}
	EndGlobalSection
EndGlobal
